schema: '2.0'
stages:
  load_data:
    cmd: python src/load_data.py --config=params.yaml
    deps:
    - path: data_given/city_aqi.csv
      md5: 797489576ddab07112be83fbd9763349
      size: 2145121
    - path: src/get_data.py
      md5: ef53f044f7c9cf7a3c36dfb92917eb9d
      size: 612
    - path: src/load_data.py
      md5: 4a8fd0c34e58b11d0154f25864cd318f
      size: 504
    outs:
    - path: data/raw/city_aqi.csv
      md5: 46ebc8891b68301bc4e1164f66794b7a
      size: 2266815
  split_data:
    cmd: python src/split_data.py --config=params.yaml
    deps:
    - path: data/raw/city_aqi.csv
      md5: 46ebc8891b68301bc4e1164f66794b7a
      size: 2266815
    - path: src/split_data.py
      md5: d0b79a27bd3db7325015bcec9ce3f589
      size: 1099
    outs:
    - path: data/processed/test_city_aqi.csv
      md5: 35437935d4b2361cf0689ad6d17ab2f2
      size: 454797
    - path: data/processed/train_city_aqi.csv
      md5: 36df2d07a6e3ad784076008d9f5b57fe
      size: 1812082
  train_and_evaluate:
    cmd: python src/train_and_evaluate.py --config=params.yaml
    deps:
    - path: data/processed/test_city_aqi.csv
      md5: 35437935d4b2361cf0689ad6d17ab2f2
      size: 454797
    - path: data/processed/train_city_aqi.csv
      md5: 36df2d07a6e3ad784076008d9f5b57fe
      size: 1812082
    - path: src/train_and_evaluate.py
      md5: 9cf452c96d1798f1fee947c29231eac9
      size: 2675
    params:
      params.yaml:
        estimators.ElasticNet.params.alpha: 0.9
        estimators.ElasticNet.params.l1_ratio: 0.4
    outs:
    - path: reports/params.json
      md5: a4aab0167612f21a6085dd05cfafdbf6
      size: 44
    - path: reports/scores.json
      md5: f6f6ba4d1edaa260a28e4cb73f63d1e1
      size: 98
    - path: saved_models/model.joblib
      md5: 7b9641d72a281a970dc5fd46b0b32e72
      size: 1326
